
Microsoft Visual Studio Solution File, Format Version 12.00
# Visual Studio Version 17
VisualStudioVersion = 17.8.34309.116
MinimumVisualStudioVersion = 10.0.40219.1
Project("{FAE04EC0-301F-11D3-BF4B-00C04F79EFBC}") = "M0r19un.MonstersWithFlashlights", "M0r19un.MonstersWithFlashlights\M0r19un.MonstersWithFlashlights.csproj", "{77286825-5949-40DF-B873-FD278932D93B}"
EndProject
Global
	GlobalSection(SolutionConfigurationPlatforms) = preSolution
		Debug|Any CPU = Debug|Any CPU
		Release|Any CPU = Release|Any CPU
	EndGlobalSection
	GlobalSection(ProjectConfigurationPlatforms) = postSolution
		{77286825-5949-40DF-B873-FD278932D93B}.Debug|Any CPU.ActiveCfg = Debug|Any CPU
		{77286825-5949-40DF-B873-FD278932D93B}.Debug|Any CPU.Build.0 = Debug|Any CPU
		{77286825-5949-40DF-B873-FD278932D93B}.Release|Any CPU.ActiveCfg = Release|Any CPU
		{77286825-5949-40DF-B873-FD278932D93B}.Release|Any CPU.Build.0 = Release|Any CPU
	EndGlobalSection
	GlobalSection(SolutionProperties) = preSolution
		HideSolutionNode = FALSE
	EndGlobalSection
	GlobalSection(ExtensibilityGlobals) = postSolution
		SolutionGuid = {27F403EE-687D-461E-B56C-C69D8551A85B}
	EndGlobalSection
EndGlobal
